
Microsoft Visual Studio Solution File, Format Version 12.00
# Visual Studio Version 17
VisualStudioVersion = 17.8.34309.116
MinimumVisualStudioVersion = 10.0.40219.1
Project("{FAE04EC0-301F-11D3-BF4B-00C04F79EFBC}") = "CollectionMasterConsoleUI", "CollectionMasterConsoleUI\CollectionMasterConsoleUI.csproj", "{F4FCE3D1-38C3-47D2-981F-72BDF2980F90}"
EndProject
Global
	GlobalSection(SolutionConfigurationPlatforms) = preSolution
		Debug|Any CPU = Debug|Any CPU
		Release|Any CPU = Release|Any CPU
	EndGlobalSection
	GlobalSection(ProjectConfigurationPlatforms) = postSolution
		{F4FCE3D1-38C3-47D2-981F-72BDF2980F90}.Debug|Any CPU.ActiveCfg = Debug|Any CPU
		{F4FCE3D1-38C3-47D2-981F-72BDF2980F90}.Debug|Any CPU.Build.0 = Debug|Any CPU
		{F4FCE3D1-38C3-47D2-981F-72BDF2980F90}.Release|Any CPU.ActiveCfg = Release|Any CPU
		{F4FCE3D1-38C3-47D2-981F-72BDF2980F90}.Release|Any CPU.Build.0 = Release|Any CPU
	EndGlobalSection
	GlobalSection(SolutionProperties) = preSolution
		HideSolutionNode = FALSE
	EndGlobalSection
	GlobalSection(ExtensibilityGlobals) = postSolution
		SolutionGuid = {7D7C8C7D-F2B9-40A7-B347-6AFDFE27C631}
	EndGlobalSection
EndGlobal
